
Microsoft Visual Studio Solution File, Format Version 12.00
# Visual Studio Version 16
VisualStudioVersion = 16.0.31702.278
MinimumVisualStudioVersion = 10.0.40219.1
Project("{FAE04EC0-301F-11D3-BF4B-00C04F79EFBC}") = "DigitalBrasilCash.API", "DigitalBrasilCash.API\DigitalBrasilCash.API.csproj", "{1D16BE1C-250A-4B32-BA44-37A4C8E3714A}"
EndProject
Project("{FAE04EC0-301F-11D3-BF4B-00C04F79EFBC}") = "DigitalBrasilCash.Domain", "DigitalBrasilCash.Domain\DigitalBrasilCash.Domain.csproj", "{AB7F43EF-4A1E-4D21-831E-88291984AA49}"
EndProject
Project("{FAE04EC0-301F-11D3-BF4B-00C04F79EFBC}") = "DigitalBrasilCash.Infrastructure", "DigitalBrasilCash.Infrastructure\DigitalBrasilCash.Infrastructure.csproj", "{F9941361-10CA-409E-9BCC-958F28396CBF}"
EndProject
Project("{FAE04EC0-301F-11D3-BF4B-00C04F79EFBC}") = "DigitalBrasilCash.Application", "DigitalBrasilCash.Application\DigitalBrasilCash.Application.csproj", "{CDEA181E-5E27-4F88-91BB-908F005BA1C3}"
EndProject
Project("{FAE04EC0-301F-11D3-BF4B-00C04F79EFBC}") = "DigitalBrasilCash.Shared", "DigitalBrasilCash.Shared\DigitalBrasilCash.Shared.csproj", "{6DA5C2A1-7AE1-4F7F-BDCE-69FA027FA3EB}"
EndProject
Global
	GlobalSection(SolutionConfigurationPlatforms) = preSolution
		Debug|Any CPU = Debug|Any CPU
		Release|Any CPU = Release|Any CPU
	EndGlobalSection
	GlobalSection(ProjectConfigurationPlatforms) = postSolution
		{1D16BE1C-250A-4B32-BA44-37A4C8E3714A}.Debug|Any CPU.ActiveCfg = Debug|Any CPU
		{1D16BE1C-250A-4B32-BA44-37A4C8E3714A}.Debug|Any CPU.Build.0 = Debug|Any CPU
		{1D16BE1C-250A-4B32-BA44-37A4C8E3714A}.Release|Any CPU.ActiveCfg = Release|Any CPU
		{1D16BE1C-250A-4B32-BA44-37A4C8E3714A}.Release|Any CPU.Build.0 = Release|Any CPU
		{AB7F43EF-4A1E-4D21-831E-88291984AA49}.Debug|Any CPU.ActiveCfg = Debug|Any CPU
		{AB7F43EF-4A1E-4D21-831E-88291984AA49}.Debug|Any CPU.Build.0 = Debug|Any CPU
		{AB7F43EF-4A1E-4D21-831E-88291984AA49}.Release|Any CPU.ActiveCfg = Release|Any CPU
		{AB7F43EF-4A1E-4D21-831E-88291984AA49}.Release|Any CPU.Build.0 = Release|Any CPU
		{F9941361-10CA-409E-9BCC-958F28396CBF}.Debug|Any CPU.ActiveCfg = Debug|Any CPU
		{F9941361-10CA-409E-9BCC-958F28396CBF}.Debug|Any CPU.Build.0 = Debug|Any CPU
		{F9941361-10CA-409E-9BCC-958F28396CBF}.Release|Any CPU.ActiveCfg = Release|Any CPU
		{F9941361-10CA-409E-9BCC-958F28396CBF}.Release|Any CPU.Build.0 = Release|Any CPU
		{CDEA181E-5E27-4F88-91BB-908F005BA1C3}.Debug|Any CPU.ActiveCfg = Debug|Any CPU
		{CDEA181E-5E27-4F88-91BB-908F005BA1C3}.Debug|Any CPU.Build.0 = Debug|Any CPU
		{CDEA181E-5E27-4F88-91BB-908F005BA1C3}.Release|Any CPU.ActiveCfg = Release|Any CPU
		{CDEA181E-5E27-4F88-91BB-908F005BA1C3}.Release|Any CPU.Build.0 = Release|Any CPU
		{6DA5C2A1-7AE1-4F7F-BDCE-69FA027FA3EB}.Debug|Any CPU.ActiveCfg = Debug|Any CPU
		{6DA5C2A1-7AE1-4F7F-BDCE-69FA027FA3EB}.Debug|Any CPU.Build.0 = Debug|Any CPU
		{6DA5C2A1-7AE1-4F7F-BDCE-69FA027FA3EB}.Release|Any CPU.ActiveCfg = Release|Any CPU
		{6DA5C2A1-7AE1-4F7F-BDCE-69FA027FA3EB}.Release|Any CPU.Build.0 = Release|Any CPU
	EndGlobalSection
	GlobalSection(SolutionProperties) = preSolution
		HideSolutionNode = FALSE
	EndGlobalSection
	GlobalSection(ExtensibilityGlobals) = postSolution
		SolutionGuid = {F72DC58B-8FC0-4314-A885-A144F3D2A7D8}
	EndGlobalSection
EndGlobal
